
Microsoft Visual Studio Solution File, Format Version 12.00
# Visual Studio 14
VisualStudioVersion = 14.0.25420.1
MinimumVisualStudioVersion = 10.0.40219.1
Project("{FAE04EC0-301F-11D3-BF4B-00C04F79EFBC}") = "userAPI", "studentManagement\userAPI.csproj", "{94382488-71CF-41E3-9FF3-50EFE8FDD98C}"
EndProject
Project("{FAE04EC0-301F-11D3-BF4B-00C04F79EFBC}") = "angularClient", "angularClient\angularClient.csproj", "{4E6AEF10-9012-4616-BA35-95F91D8F3625}"
EndProject
Project("{FAE04EC0-301F-11D3-BF4B-00C04F79EFBC}") = "userDB", "userDB\userDB.csproj", "{880F50F2-82E9-4A28-85FC-6E40E19A80E4}"
EndProject
Project("{00D1A9C2-B5F0-4AF3-8072-F6C62B433612}") = "user", "user\user.sqlproj", "{72AB144A-A0CB-4ABA-898A-C68A8E732693}"
EndProject
Global
	GlobalSection(SolutionConfigurationPlatforms) = preSolution
		Debug|Any CPU = Debug|Any CPU
		Release|Any CPU = Release|Any CPU
	EndGlobalSection
	GlobalSection(ProjectConfigurationPlatforms) = postSolution
		{94382488-71CF-41E3-9FF3-50EFE8FDD98C}.Debug|Any CPU.ActiveCfg = Debug|Any CPU
		{94382488-71CF-41E3-9FF3-50EFE8FDD98C}.Debug|Any CPU.Build.0 = Debug|Any CPU
		{94382488-71CF-41E3-9FF3-50EFE8FDD98C}.Release|Any CPU.ActiveCfg = Release|Any CPU
		{94382488-71CF-41E3-9FF3-50EFE8FDD98C}.Release|Any CPU.Build.0 = Release|Any CPU
		{4E6AEF10-9012-4616-BA35-95F91D8F3625}.Debug|Any CPU.ActiveCfg = Debug|Any CPU
		{4E6AEF10-9012-4616-BA35-95F91D8F3625}.Debug|Any CPU.Build.0 = Debug|Any CPU
		{4E6AEF10-9012-4616-BA35-95F91D8F3625}.Release|Any CPU.ActiveCfg = Release|Any CPU
		{4E6AEF10-9012-4616-BA35-95F91D8F3625}.Release|Any CPU.Build.0 = Release|Any CPU
		{880F50F2-82E9-4A28-85FC-6E40E19A80E4}.Debug|Any CPU.ActiveCfg = Debug|Any CPU
		{880F50F2-82E9-4A28-85FC-6E40E19A80E4}.Debug|Any CPU.Build.0 = Debug|Any CPU
		{880F50F2-82E9-4A28-85FC-6E40E19A80E4}.Release|Any CPU.ActiveCfg = Release|Any CPU
		{880F50F2-82E9-4A28-85FC-6E40E19A80E4}.Release|Any CPU.Build.0 = Release|Any CPU
		{72AB144A-A0CB-4ABA-898A-C68A8E732693}.Debug|Any CPU.ActiveCfg = Debug|Any CPU
		{72AB144A-A0CB-4ABA-898A-C68A8E732693}.Debug|Any CPU.Build.0 = Debug|Any CPU
		{72AB144A-A0CB-4ABA-898A-C68A8E732693}.Debug|Any CPU.Deploy.0 = Debug|Any CPU
		{72AB144A-A0CB-4ABA-898A-C68A8E732693}.Release|Any CPU.ActiveCfg = Release|Any CPU
		{72AB144A-A0CB-4ABA-898A-C68A8E732693}.Release|Any CPU.Build.0 = Release|Any CPU
		{72AB144A-A0CB-4ABA-898A-C68A8E732693}.Release|Any CPU.Deploy.0 = Release|Any CPU
	EndGlobalSection
	GlobalSection(SolutionProperties) = preSolution
		HideSolutionNode = FALSE
	EndGlobalSection
EndGlobal
